
Microsoft Visual Studio Solution File, Format Version 12.00
# Visual Studio 15
VisualStudioVersion = 15.0.26730.12
MinimumVisualStudioVersion = 10.0.40219.1
Project("{2150E333-8FDC-42A3-9474-1A3956D46DE8}") = "Test", "Test", "{E797F978-C42D-491C-B5A4-4DEADB7342A3}"
EndProject
Project("{FAE04EC0-301F-11D3-BF4B-00C04F79EFBC}") = "HatTrick.DbEx.Sql.Test", "test\HatTrick.DbEx.Sql.Test\HatTrick.DbEx.Sql.Test.csproj", "{F55435B5-13AA-411B-815F-E9ABDD703F8A}"
EndProject
Project("{FAE04EC0-301F-11D3-BF4B-00C04F79EFBC}") = "HatTrick.DbEx.MsSql.Test.Code", "test\HatTrick.DbEx.MsSql.Test.Code\HatTrick.DbEx.MsSql.Test.Code.csproj", "{2E3DF5C2-8A38-4A03-86D7-8D463C917E47}"
EndProject
Project("{FAE04EC0-301F-11D3-BF4B-00C04F79EFBC}") = "HatTrick.DbEx.MsSql.Test.Database", "test\HatTrick.DbEx.MsSql.Test.Database\HatTrick.DbEx.MsSql.Test.Database.csproj", "{3892AC25-4D66-48E7-A81F-C513FB65D570}"
EndProject
Project("{FAE04EC0-301F-11D3-BF4B-00C04F79EFBC}") = "HatTrick.DbEx.MsSql.Test", "test\HatTrick.DbEx.MsSql.Test\HatTrick.DbEx.MsSql.Test.csproj", "{8DB886A6-1B1C-4FDF-874E-987516986B16}"
EndProject
Project("{9A19103F-16F7-4668-BE54-9A1E7A4F7556}") = "HatTrick.DbEx", "src\HatTrick.DbEx\HatTrick.DbEx.csproj", "{7EF67B39-DD84-474D-A1C7-C3DAF53C40B7}"
EndProject
Project("{9A19103F-16F7-4668-BE54-9A1E7A4F7556}") = "HatTrick.DbEx.Sql", "src\HatTrick.DbEx.Sql\HatTrick.DbEx.Sql.csproj", "{42A7C509-96EE-475C-8000-A5700766F8A8}"
EndProject
Project("{9A19103F-16F7-4668-BE54-9A1E7A4F7556}") = "HatTrick.DbEx.MsSql", "src\HatTrick.DbEx.MsSql\HatTrick.DbEx.MsSql.csproj", "{E7C8A378-630A-46C6-B2FF-7FF3D6DC059B}"
EndProject
Global
	GlobalSection(SolutionConfigurationPlatforms) = preSolution
		Debug|Any CPU = Debug|Any CPU
		Release|Any CPU = Release|Any CPU
	EndGlobalSection
	GlobalSection(ProjectConfigurationPlatforms) = postSolution
		{F55435B5-13AA-411B-815F-E9ABDD703F8A}.Debug|Any CPU.ActiveCfg = Debug|Any CPU
		{F55435B5-13AA-411B-815F-E9ABDD703F8A}.Debug|Any CPU.Build.0 = Debug|Any CPU
		{F55435B5-13AA-411B-815F-E9ABDD703F8A}.Release|Any CPU.ActiveCfg = Release|Any CPU
		{F55435B5-13AA-411B-815F-E9ABDD703F8A}.Release|Any CPU.Build.0 = Release|Any CPU
		{2E3DF5C2-8A38-4A03-86D7-8D463C917E47}.Debug|Any CPU.ActiveCfg = Debug|Any CPU
		{2E3DF5C2-8A38-4A03-86D7-8D463C917E47}.Debug|Any CPU.Build.0 = Debug|Any CPU
		{2E3DF5C2-8A38-4A03-86D7-8D463C917E47}.Release|Any CPU.ActiveCfg = Release|Any CPU
		{2E3DF5C2-8A38-4A03-86D7-8D463C917E47}.Release|Any CPU.Build.0 = Release|Any CPU
		{3892AC25-4D66-48E7-A81F-C513FB65D570}.Debug|Any CPU.ActiveCfg = Debug|Any CPU
		{3892AC25-4D66-48E7-A81F-C513FB65D570}.Debug|Any CPU.Build.0 = Debug|Any CPU
		{3892AC25-4D66-48E7-A81F-C513FB65D570}.Release|Any CPU.ActiveCfg = Release|Any CPU
		{3892AC25-4D66-48E7-A81F-C513FB65D570}.Release|Any CPU.Build.0 = Release|Any CPU
		{8DB886A6-1B1C-4FDF-874E-987516986B16}.Debug|Any CPU.ActiveCfg = Debug|Any CPU
		{8DB886A6-1B1C-4FDF-874E-987516986B16}.Debug|Any CPU.Build.0 = Debug|Any CPU
		{8DB886A6-1B1C-4FDF-874E-987516986B16}.Release|Any CPU.ActiveCfg = Release|Any CPU
		{8DB886A6-1B1C-4FDF-874E-987516986B16}.Release|Any CPU.Build.0 = Release|Any CPU
		{7EF67B39-DD84-474D-A1C7-C3DAF53C40B7}.Debug|Any CPU.ActiveCfg = Debug|Any CPU
		{7EF67B39-DD84-474D-A1C7-C3DAF53C40B7}.Debug|Any CPU.Build.0 = Debug|Any CPU
		{7EF67B39-DD84-474D-A1C7-C3DAF53C40B7}.Release|Any CPU.ActiveCfg = Release|Any CPU
		{7EF67B39-DD84-474D-A1C7-C3DAF53C40B7}.Release|Any CPU.Build.0 = Release|Any CPU
		{42A7C509-96EE-475C-8000-A5700766F8A8}.Debug|Any CPU.ActiveCfg = Debug|Any CPU
		{42A7C509-96EE-475C-8000-A5700766F8A8}.Debug|Any CPU.Build.0 = Debug|Any CPU
		{42A7C509-96EE-475C-8000-A5700766F8A8}.Release|Any CPU.ActiveCfg = Release|Any CPU
		{42A7C509-96EE-475C-8000-A5700766F8A8}.Release|Any CPU.Build.0 = Release|Any CPU
		{E7C8A378-630A-46C6-B2FF-7FF3D6DC059B}.Debug|Any CPU.ActiveCfg = Debug|Any CPU
		{E7C8A378-630A-46C6-B2FF-7FF3D6DC059B}.Debug|Any CPU.Build.0 = Debug|Any CPU
		{E7C8A378-630A-46C6-B2FF-7FF3D6DC059B}.Release|Any CPU.ActiveCfg = Release|Any CPU
		{E7C8A378-630A-46C6-B2FF-7FF3D6DC059B}.Release|Any CPU.Build.0 = Release|Any CPU
	EndGlobalSection
	GlobalSection(SolutionProperties) = preSolution
		HideSolutionNode = FALSE
	EndGlobalSection
	GlobalSection(NestedProjects) = preSolution
		{F55435B5-13AA-411B-815F-E9ABDD703F8A} = {E797F978-C42D-491C-B5A4-4DEADB7342A3}
		{2E3DF5C2-8A38-4A03-86D7-8D463C917E47} = {E797F978-C42D-491C-B5A4-4DEADB7342A3}
		{3892AC25-4D66-48E7-A81F-C513FB65D570} = {E797F978-C42D-491C-B5A4-4DEADB7342A3}
		{8DB886A6-1B1C-4FDF-874E-987516986B16} = {E797F978-C42D-491C-B5A4-4DEADB7342A3}
	EndGlobalSection
	GlobalSection(ExtensibilityGlobals) = postSolution
		SolutionGuid = {5A7FA65E-C2BD-41FE-A832-2A7D3B71256E}
	EndGlobalSection
EndGlobal
