
Microsoft Visual Studio Solution File, Format Version 12.00
# Visual Studio Version 17
VisualStudioVersion = 17.0.31919.166
MinimumVisualStudioVersion = 10.0.40219.1
Project("{2150E333-8FDC-42A3-9474-1A3956D46DE8}") = "test", "test", "{E797F978-C42D-491C-B5A4-4DEADB7342A3}"
EndProject
Project("{9A19103F-16F7-4668-BE54-9A1E7A4F7556}") = "HatTrick.DbEx.Sql", "src\HatTrick.DbEx.Sql\HatTrick.DbEx.Sql.csproj", "{42A7C509-96EE-475C-8000-A5700766F8A8}"
EndProject
Project("{9A19103F-16F7-4668-BE54-9A1E7A4F7556}") = "HatTrick.DbEx.MsSql", "src\HatTrick.DbEx.MsSql\HatTrick.DbEx.MsSql.csproj", "{E7C8A378-630A-46C6-B2FF-7FF3D6DC059B}"
EndProject
Project("{2150E333-8FDC-42A3-9474-1A3956D46DE8}") = "src", "src", "{7FC9C3D5-22E3-40DD-B73D-FB60CF635B06}"
EndProject
Project("{2150E333-8FDC-42A3-9474-1A3956D46DE8}") = "samples", "samples", "{787FE900-EDEB-44E6-80DD-C9ACE2A2C992}"
EndProject
Project("{2150E333-8FDC-42A3-9474-1A3956D46DE8}") = "tools", "tools", "{5FA90CD6-D49D-41B7-9C43-8F3EFBA3D1E7}"
EndProject
Project("{9A19103F-16F7-4668-BE54-9A1E7A4F7556}") = "HatTrick.DbEx.Tools", "tools\HatTrick.DbEx.Tools\HatTrick.DbEx.Tools.csproj", "{D859B5CD-3DE0-4C6B-B12C-28C8B39C9FB3}"
EndProject
Project("{9A19103F-16F7-4668-BE54-9A1E7A4F7556}") = "HatTrick.DbEx.CodeTemplating", "tools\HatTrick.DbEx.CodeTemplating\HatTrick.DbEx.CodeTemplating.csproj", "{560CD2A8-6B05-4AEE-A270-5552095512DE}"
EndProject
Project("{9A19103F-16F7-4668-BE54-9A1E7A4F7556}") = "HatTrick.DbEx.MsSql.Test", "test\HatTrick.DbEx.MsSql.Test\HatTrick.DbEx.MsSql.Test.csproj", "{4030B26B-E3CF-41E1-B3AB-D914A34D8BB6}"
EndProject
Project("{9A19103F-16F7-4668-BE54-9A1E7A4F7556}") = "HatTrick.DbEx.MsSql.Test.Database", "test\HatTrick.DbEx.MsSql.Test.Database\HatTrick.DbEx.MsSql.Test.Database.csproj", "{85EBBD1D-8B5B-41F5-8A15-D9F66529B95E}"
EndProject
Project("{9A19103F-16F7-4668-BE54-9A1E7A4F7556}") = "HatTrick.DbEx.MsSql.Test.Code", "test\HatTrick.DbEx.MsSql.Test.Code\HatTrick.DbEx.MsSql.Test.Code.csproj", "{9DB2D9D2-B927-47FE-9377-F28C14978144}"
EndProject
Project("{9A19103F-16F7-4668-BE54-9A1E7A4F7556}") = "HatTrick.DbEx.Sql.Test", "test\HatTrick.DbEx.Sql.Test\HatTrick.DbEx.Sql.Test.csproj", "{1073990F-F866-43D2-BF65-8B811885A4C7}"
EndProject
Project("{2150E333-8FDC-42A3-9474-1A3956D46DE8}") = "build", "build", "{F642B40A-E26D-4E67-94EB-8E9DA192E642}"
	ProjectSection(SolutionItems) = preProject
		build\dockerfile-dotnetcore = build\dockerfile-dotnetcore
		build\htl-nuget-logo.png = build\htl-nuget-logo.png
	EndProjectSection
EndProject
Project("{2150E333-8FDC-42A3-9474-1A3956D46DE8}") = "mssql", "mssql", "{F1FF2A42-3E7E-4EDC-AFD5-9C632FD2B48D}"
EndProject
Project("{9A19103F-16F7-4668-BE54-9A1E7A4F7556}") = "ServerSideBlazorApp", "samples\mssql\ServerSideBlazorApp\ServerSideBlazorApp.csproj", "{C9270A54-1302-4504-9630-F4F156A946D7}"
EndProject
Project("{2150E333-8FDC-42A3-9474-1A3956D46DE8}") = "docs", "docs", "{C24A0631-051F-4A49-87CD-005B71CD9223}"
	ProjectSection(SolutionItems) = preProject
		docs\add-database-function.md = docs\add-database-function.md
	EndProjectSection
EndProject
Project("{2150E333-8FDC-42A3-9474-1A3956D46DE8}") = "mssql", "mssql", "{75E3DA0E-D0C7-4F69-9546-BBE33D3EDEDB}"
	ProjectSection(SolutionItems) = preProject
		build\mssql\.env = build\mssql\.env
		build\mssql\create-database.sql = build\mssql\create-database.sql
		build\mssql\create-docker-config.ps1 = build\mssql\create-docker-config.ps1
		build\mssql\docker-compose.yml = build\mssql\docker-compose.yml
		build\mssql\dockerfile-mssql = build\mssql\dockerfile-mssql
	EndProjectSection
EndProject
Project("{2150E333-8FDC-42A3-9474-1A3956D46DE8}") = "2017", "2017", "{694DC721-5CA7-4A94-BFD7-BCCDE37F2C1D}"
	ProjectSection(SolutionItems) = preProject
		build\mssql\2017\.env = build\mssql\2017\.env
	EndProjectSection
EndProject
Project("{2150E333-8FDC-42A3-9474-1A3956D46DE8}") = "2019", "2019", "{C00E09CC-7AE2-4217-890F-5F43B08E1B51}"
	ProjectSection(SolutionItems) = preProject
		build\mssql\2019\.env = build\mssql\2019\.env
	EndProjectSection
EndProject
Project("{2150E333-8FDC-42A3-9474-1A3956D46DE8}") = "HatTrick", "HatTrick", "{E009B64D-3137-4D5C-B6F2-1E7F5F846FF5}"
EndProject
Project("{2150E333-8FDC-42A3-9474-1A3956D46DE8}") = "AssemblyVersion", "AssemblyVersion", "{17CA9493-5AAC-41CB-A0BA-7F7DA96638E5}"
	ProjectSection(SolutionItems) = preProject
		build\HatTrick\AssemblyVersion\AssemblyVersion.psd1 = build\HatTrick\AssemblyVersion\AssemblyVersion.psd1
		build\HatTrick\AssemblyVersion\AssemblyVersion.psm1 = build\HatTrick\AssemblyVersion\AssemblyVersion.psm1
	EndProjectSection
EndProject
Project("{9A19103F-16F7-4668-BE54-9A1E7A4F7556}") = "NetCoreConsoleApp", "samples\mssql\NetCoreConsoleApp\NetCoreConsoleApp.csproj", "{DD32A58A-E630-4DF8-943F-E82395DA99FF}"
EndProject
Project("{9A19103F-16F7-4668-BE54-9A1E7A4F7556}") = "HatTrick.DbEx.MsSql.Extensions.DependencyInjection", "src\HatTrick.DbEx.MsSql.Extensions.DependencyInjection\HatTrick.DbEx.MsSql.Extensions.DependencyInjection.csproj", "{72654BAA-DCC1-4CA8-AD3B-01CE1CFF0237}"
EndProject
Project("{2150E333-8FDC-42A3-9474-1A3956D46DE8}") = "DirectoryBuildPropsFile", "DirectoryBuildPropsFile", "{0DA28E36-0FC2-4B12-94F3-D0F5BCFAEB15}"
	ProjectSection(SolutionItems) = preProject
		build\HatTrick\DirectoryBuildPropsFile\DirectoryBuildPropsFile.psm1 = build\HatTrick\DirectoryBuildPropsFile\DirectoryBuildPropsFile.psm1
	EndProjectSection
EndProject
Project("{FAE04EC0-301F-11D3-BF4B-00C04F79EFBC}") = "HatTrick.DbEx.MsSql.Extensions.DependencyInjection.Test", "test\HatTrick.DbEx.MsSql.Extensions.DependencyInjection.Test\HatTrick.DbEx.MsSql.Extensions.DependencyInjection.Test.csproj", "{A579BCCB-F91B-4CBC-8406-385C764FAE8A}"
EndProject
Project("{2150E333-8FDC-42A3-9474-1A3956D46DE8}") = "benchmark", "benchmark", "{DF45604D-A21C-47BD-8F21-A1C70E10F130}"
EndProject
Project("{9A19103F-16F7-4668-BE54-9A1E7A4F7556}") = "HatTrick.DbEx.MsSql.Benchmark", "benchmark\HatTrick.DbEx.MsSql.Benchmark\HatTrick.DbEx.MsSql.Benchmark.csproj", "{DDD3D7B2-64B3-4565-B4CF-26D42A35EA03}"
EndProject
Global
	GlobalSection(SolutionConfigurationPlatforms) = preSolution
		Debug|Any CPU = Debug|Any CPU
		Release|Any CPU = Release|Any CPU
	EndGlobalSection
	GlobalSection(ProjectConfigurationPlatforms) = postSolution
		{42A7C509-96EE-475C-8000-A5700766F8A8}.Debug|Any CPU.ActiveCfg = Debug|Any CPU
		{42A7C509-96EE-475C-8000-A5700766F8A8}.Debug|Any CPU.Build.0 = Debug|Any CPU
		{42A7C509-96EE-475C-8000-A5700766F8A8}.Release|Any CPU.ActiveCfg = Release|Any CPU
		{42A7C509-96EE-475C-8000-A5700766F8A8}.Release|Any CPU.Build.0 = Release|Any CPU
		{E7C8A378-630A-46C6-B2FF-7FF3D6DC059B}.Debug|Any CPU.ActiveCfg = Debug|Any CPU
		{E7C8A378-630A-46C6-B2FF-7FF3D6DC059B}.Debug|Any CPU.Build.0 = Debug|Any CPU
		{E7C8A378-630A-46C6-B2FF-7FF3D6DC059B}.Release|Any CPU.ActiveCfg = Release|Any CPU
		{E7C8A378-630A-46C6-B2FF-7FF3D6DC059B}.Release|Any CPU.Build.0 = Release|Any CPU
		{D859B5CD-3DE0-4C6B-B12C-28C8B39C9FB3}.Debug|Any CPU.ActiveCfg = Debug|Any CPU
		{D859B5CD-3DE0-4C6B-B12C-28C8B39C9FB3}.Debug|Any CPU.Build.0 = Debug|Any CPU
		{D859B5CD-3DE0-4C6B-B12C-28C8B39C9FB3}.Release|Any CPU.ActiveCfg = Release|Any CPU
		{D859B5CD-3DE0-4C6B-B12C-28C8B39C9FB3}.Release|Any CPU.Build.0 = Release|Any CPU
		{560CD2A8-6B05-4AEE-A270-5552095512DE}.Debug|Any CPU.ActiveCfg = Debug|Any CPU
		{560CD2A8-6B05-4AEE-A270-5552095512DE}.Debug|Any CPU.Build.0 = Debug|Any CPU
		{560CD2A8-6B05-4AEE-A270-5552095512DE}.Release|Any CPU.ActiveCfg = Release|Any CPU
		{560CD2A8-6B05-4AEE-A270-5552095512DE}.Release|Any CPU.Build.0 = Release|Any CPU
		{4030B26B-E3CF-41E1-B3AB-D914A34D8BB6}.Debug|Any CPU.ActiveCfg = Debug|Any CPU
		{4030B26B-E3CF-41E1-B3AB-D914A34D8BB6}.Debug|Any CPU.Build.0 = Debug|Any CPU
		{4030B26B-E3CF-41E1-B3AB-D914A34D8BB6}.Release|Any CPU.ActiveCfg = Release|Any CPU
		{4030B26B-E3CF-41E1-B3AB-D914A34D8BB6}.Release|Any CPU.Build.0 = Release|Any CPU
		{85EBBD1D-8B5B-41F5-8A15-D9F66529B95E}.Debug|Any CPU.ActiveCfg = Debug|Any CPU
		{85EBBD1D-8B5B-41F5-8A15-D9F66529B95E}.Debug|Any CPU.Build.0 = Debug|Any CPU
		{85EBBD1D-8B5B-41F5-8A15-D9F66529B95E}.Release|Any CPU.ActiveCfg = Release|Any CPU
		{85EBBD1D-8B5B-41F5-8A15-D9F66529B95E}.Release|Any CPU.Build.0 = Release|Any CPU
		{9DB2D9D2-B927-47FE-9377-F28C14978144}.Debug|Any CPU.ActiveCfg = Debug|Any CPU
		{9DB2D9D2-B927-47FE-9377-F28C14978144}.Debug|Any CPU.Build.0 = Debug|Any CPU
		{9DB2D9D2-B927-47FE-9377-F28C14978144}.Release|Any CPU.ActiveCfg = Release|Any CPU
		{9DB2D9D2-B927-47FE-9377-F28C14978144}.Release|Any CPU.Build.0 = Release|Any CPU
		{1073990F-F866-43D2-BF65-8B811885A4C7}.Debug|Any CPU.ActiveCfg = Debug|Any CPU
		{1073990F-F866-43D2-BF65-8B811885A4C7}.Debug|Any CPU.Build.0 = Debug|Any CPU
		{1073990F-F866-43D2-BF65-8B811885A4C7}.Release|Any CPU.ActiveCfg = Release|Any CPU
		{1073990F-F866-43D2-BF65-8B811885A4C7}.Release|Any CPU.Build.0 = Release|Any CPU
		{C9270A54-1302-4504-9630-F4F156A946D7}.Debug|Any CPU.ActiveCfg = Debug|Any CPU
		{C9270A54-1302-4504-9630-F4F156A946D7}.Debug|Any CPU.Build.0 = Debug|Any CPU
		{C9270A54-1302-4504-9630-F4F156A946D7}.Release|Any CPU.ActiveCfg = Release|Any CPU
		{C9270A54-1302-4504-9630-F4F156A946D7}.Release|Any CPU.Build.0 = Release|Any CPU
		{DD32A58A-E630-4DF8-943F-E82395DA99FF}.Debug|Any CPU.ActiveCfg = Debug|Any CPU
		{DD32A58A-E630-4DF8-943F-E82395DA99FF}.Debug|Any CPU.Build.0 = Debug|Any CPU
		{DD32A58A-E630-4DF8-943F-E82395DA99FF}.Release|Any CPU.ActiveCfg = Release|Any CPU
		{DD32A58A-E630-4DF8-943F-E82395DA99FF}.Release|Any CPU.Build.0 = Release|Any CPU
		{72654BAA-DCC1-4CA8-AD3B-01CE1CFF0237}.Debug|Any CPU.ActiveCfg = Debug|Any CPU
		{72654BAA-DCC1-4CA8-AD3B-01CE1CFF0237}.Debug|Any CPU.Build.0 = Debug|Any CPU
		{72654BAA-DCC1-4CA8-AD3B-01CE1CFF0237}.Release|Any CPU.ActiveCfg = Release|Any CPU
		{72654BAA-DCC1-4CA8-AD3B-01CE1CFF0237}.Release|Any CPU.Build.0 = Release|Any CPU
	EndGlobalSection
	GlobalSection(SolutionProperties) = preSolution
		HideSolutionNode = FALSE
	EndGlobalSection
	GlobalSection(NestedProjects) = preSolution
		{42A7C509-96EE-475C-8000-A5700766F8A8} = {7FC9C3D5-22E3-40DD-B73D-FB60CF635B06}
		{E7C8A378-630A-46C6-B2FF-7FF3D6DC059B} = {7FC9C3D5-22E3-40DD-B73D-FB60CF635B06}
		{D859B5CD-3DE0-4C6B-B12C-28C8B39C9FB3} = {5FA90CD6-D49D-41B7-9C43-8F3EFBA3D1E7}
		{560CD2A8-6B05-4AEE-A270-5552095512DE} = {5FA90CD6-D49D-41B7-9C43-8F3EFBA3D1E7}
		{4030B26B-E3CF-41E1-B3AB-D914A34D8BB6} = {E797F978-C42D-491C-B5A4-4DEADB7342A3}
		{85EBBD1D-8B5B-41F5-8A15-D9F66529B95E} = {E797F978-C42D-491C-B5A4-4DEADB7342A3}
		{9DB2D9D2-B927-47FE-9377-F28C14978144} = {E797F978-C42D-491C-B5A4-4DEADB7342A3}
		{1073990F-F866-43D2-BF65-8B811885A4C7} = {E797F978-C42D-491C-B5A4-4DEADB7342A3}
		{F1FF2A42-3E7E-4EDC-AFD5-9C632FD2B48D} = {787FE900-EDEB-44E6-80DD-C9ACE2A2C992}
		{C9270A54-1302-4504-9630-F4F156A946D7} = {F1FF2A42-3E7E-4EDC-AFD5-9C632FD2B48D}
		{75E3DA0E-D0C7-4F69-9546-BBE33D3EDEDB} = {F642B40A-E26D-4E67-94EB-8E9DA192E642}
		{694DC721-5CA7-4A94-BFD7-BCCDE37F2C1D} = {75E3DA0E-D0C7-4F69-9546-BBE33D3EDEDB}
		{C00E09CC-7AE2-4217-890F-5F43B08E1B51} = {75E3DA0E-D0C7-4F69-9546-BBE33D3EDEDB}
		{E009B64D-3137-4D5C-B6F2-1E7F5F846FF5} = {F642B40A-E26D-4E67-94EB-8E9DA192E642}
		{17CA9493-5AAC-41CB-A0BA-7F7DA96638E5} = {E009B64D-3137-4D5C-B6F2-1E7F5F846FF5}
		{DD32A58A-E630-4DF8-943F-E82395DA99FF} = {F1FF2A42-3E7E-4EDC-AFD5-9C632FD2B48D}
		{72654BAA-DCC1-4CA8-AD3B-01CE1CFF0237} = {7FC9C3D5-22E3-40DD-B73D-FB60CF635B06}
		{0DA28E36-0FC2-4B12-94F3-D0F5BCFAEB15} = {E009B64D-3137-4D5C-B6F2-1E7F5F846FF5}
	EndGlobalSection
	GlobalSection(ExtensibilityGlobals) = postSolution
		SolutionGuid = {5A7FA65E-C2BD-41FE-A832-2A7D3B71256E}
	EndGlobalSection
EndGlobal
