
Microsoft Visual Studio Solution File, Format Version 12.00
# Visual Studio 15
VisualStudioVersion = 15.0.26730.12
MinimumVisualStudioVersion = 10.0.40219.1
Project("{FAE04EC0-301F-11D3-BF4B-00C04F79EFBC}") = "HatTrick.DbEx", "HatTrick.DbEx\HatTrick.DbEx.csproj", "{196FEDA7-33A3-4F84-B5C4-E8471041A4CC}"
EndProject
Project("{FAE04EC0-301F-11D3-BF4B-00C04F79EFBC}") = "HatTrick.DbEx.Sql", "HatTrick.DbEx.Sql\HatTrick.DbEx.Sql.csproj", "{FAEE287E-A5BB-4893-8ABB-D285E7BC0CA0}"
EndProject
Project("{FAE04EC0-301F-11D3-BF4B-00C04F79EFBC}") = "HatTrick.DbEx.MsSql", "HatTrick.DbEx.MsSql\HatTrick.DbEx.MsSql.csproj", "{578C7237-D1A1-40F2-8E1D-7A9B656BC6DC}"
EndProject
Project("{FAE04EC0-301F-11D3-BF4B-00C04F79EFBC}") = "HatTrick.DbEx.TestHarness", "HatTrick.DbEx.TestHarness\HatTrick.DbEx.TestHarness.csproj", "{345A0CBC-AB27-4242-BF4E-45F692FE8003}"
EndProject
Global
	GlobalSection(SolutionConfigurationPlatforms) = preSolution
		Debug|Any CPU = Debug|Any CPU
		Release|Any CPU = Release|Any CPU
	EndGlobalSection
	GlobalSection(ProjectConfigurationPlatforms) = postSolution
		{196FEDA7-33A3-4F84-B5C4-E8471041A4CC}.Debug|Any CPU.ActiveCfg = Debug|Any CPU
		{196FEDA7-33A3-4F84-B5C4-E8471041A4CC}.Debug|Any CPU.Build.0 = Debug|Any CPU
		{196FEDA7-33A3-4F84-B5C4-E8471041A4CC}.Release|Any CPU.ActiveCfg = Release|Any CPU
		{196FEDA7-33A3-4F84-B5C4-E8471041A4CC}.Release|Any CPU.Build.0 = Release|Any CPU
		{FAEE287E-A5BB-4893-8ABB-D285E7BC0CA0}.Debug|Any CPU.ActiveCfg = Debug|Any CPU
		{FAEE287E-A5BB-4893-8ABB-D285E7BC0CA0}.Debug|Any CPU.Build.0 = Debug|Any CPU
		{FAEE287E-A5BB-4893-8ABB-D285E7BC0CA0}.Release|Any CPU.ActiveCfg = Release|Any CPU
		{FAEE287E-A5BB-4893-8ABB-D285E7BC0CA0}.Release|Any CPU.Build.0 = Release|Any CPU
		{578C7237-D1A1-40F2-8E1D-7A9B656BC6DC}.Debug|Any CPU.ActiveCfg = Debug|Any CPU
		{578C7237-D1A1-40F2-8E1D-7A9B656BC6DC}.Debug|Any CPU.Build.0 = Debug|Any CPU
		{578C7237-D1A1-40F2-8E1D-7A9B656BC6DC}.Release|Any CPU.ActiveCfg = Release|Any CPU
		{578C7237-D1A1-40F2-8E1D-7A9B656BC6DC}.Release|Any CPU.Build.0 = Release|Any CPU
		{345A0CBC-AB27-4242-BF4E-45F692FE8003}.Debug|Any CPU.ActiveCfg = Debug|Any CPU
		{345A0CBC-AB27-4242-BF4E-45F692FE8003}.Debug|Any CPU.Build.0 = Debug|Any CPU
		{345A0CBC-AB27-4242-BF4E-45F692FE8003}.Release|Any CPU.ActiveCfg = Release|Any CPU
		{345A0CBC-AB27-4242-BF4E-45F692FE8003}.Release|Any CPU.Build.0 = Release|Any CPU
	EndGlobalSection
	GlobalSection(SolutionProperties) = preSolution
		HideSolutionNode = FALSE
	EndGlobalSection
	GlobalSection(ExtensibilityGlobals) = postSolution
		SolutionGuid = {5A7FA65E-C2BD-41FE-A832-2A7D3B71256E}
	EndGlobalSection
EndGlobal
